
Microsoft Visual Studio Solution File, Format Version 12.00
# Visual Studio Version 17
VisualStudioVersion = 17.5.33414.496
MinimumVisualStudioVersion = 10.0.40219.1
Project("{FAE04EC0-301F-11D3-BF4B-00C04F79EFBC}") = "LlenadoDataGridView", "LlenadoDataGridView\LlenadoDataGridView.csproj", "{B30E8571-89F9-4FFA-9DBC-D80F6BE009DA}"
EndProject
Global
	GlobalSection(SolutionConfigurationPlatforms) = preSolution
		Debug|Any CPU = Debug|Any CPU
		Release|Any CPU = Release|Any CPU
	EndGlobalSection
	GlobalSection(ProjectConfigurationPlatforms) = postSolution
		{B30E8571-89F9-4FFA-9DBC-D80F6BE009DA}.Debug|Any CPU.ActiveCfg = Debug|Any CPU
		{B30E8571-89F9-4FFA-9DBC-D80F6BE009DA}.Debug|Any CPU.Build.0 = Debug|Any CPU
		{B30E8571-89F9-4FFA-9DBC-D80F6BE009DA}.Release|Any CPU.ActiveCfg = Release|Any CPU
		{B30E8571-89F9-4FFA-9DBC-D80F6BE009DA}.Release|Any CPU.Build.0 = Release|Any CPU
	EndGlobalSection
	GlobalSection(SolutionProperties) = preSolution
		HideSolutionNode = FALSE
	EndGlobalSection
	GlobalSection(ExtensibilityGlobals) = postSolution
		SolutionGuid = {5E6AD497-AA94-48D5-98C3-07C6E0C36AF7}
	EndGlobalSection
EndGlobal
